
Microsoft Visual Studio Solution File, Format Version 12.00
# Visual Studio Version 16
VisualStudioVersion = 16.0.29519.181
MinimumVisualStudioVersion = 10.0.40219.1
Project("{9A19103F-16F7-4668-BE54-9A1E7A4F7556}") = "WeatherForecast.Api", "WeatherForecast.Api\WeatherForecast.Api.csproj", "{5EEBC1A9-DC87-4CBA-89F5-8FD4F0D67AEA}"
EndProject
Global
	GlobalSection(SolutionConfigurationPlatforms) = preSolution
		Debug|Any CPU = Debug|Any CPU
		Release|Any CPU = Release|Any CPU
	EndGlobalSection
	GlobalSection(ProjectConfigurationPlatforms) = postSolution
		{5EEBC1A9-DC87-4CBA-89F5-8FD4F0D67AEA}.Debug|Any CPU.ActiveCfg = Debug|Any CPU
		{5EEBC1A9-DC87-4CBA-89F5-8FD4F0D67AEA}.Debug|Any CPU.Build.0 = Debug|Any CPU
		{5EEBC1A9-DC87-4CBA-89F5-8FD4F0D67AEA}.Release|Any CPU.ActiveCfg = Release|Any CPU
		{5EEBC1A9-DC87-4CBA-89F5-8FD4F0D67AEA}.Release|Any CPU.Build.0 = Release|Any CPU
	EndGlobalSection
	GlobalSection(SolutionProperties) = preSolution
		HideSolutionNode = FALSE
	EndGlobalSection
	GlobalSection(ExtensibilityGlobals) = postSolution
		SolutionGuid = {544E1C28-BC69-4E29-9795-B490178980BF}
	EndGlobalSection
EndGlobal
